{
  "originHash" : "e446e2ddcc834f4853ca850697ceb594a767190baf779b7c1e3eabf4a37e288b",
  "pins" : [
    {
      "identity" : "amplitude-ios",
      "kind" : "remoteSourceControl",
      "location" : "https://github.com/amplitude/Amplitude-iOS.git",
      "state" : {
        "revision" : "7ec0f8971b68c1cb859028655fbff1bcde8170dd",
        "version" : "8.22.2"
      }
    },
    {
      "identity" : "amplitude-swift",
      "kind" : "remoteSourceControl",
      "location" : "https://github.com/amplitude/Amplitude-Swift.git",
      "state" : {
        "revision" : "c5953bffb7677e6cd8ce41b64005ab167d1a7ad1",
        "version" : "1.19.0"
      }
    },
    {
      "identity" : "amplitudecore-swift",
      "kind" : "remoteSourceControl",
      "location" : "https://github.com/amplitude/AmplitudeCore-Swift.git",
      "state" : {
        "revision" : "a6d9b60ce2426d5abcec98a9559930c4b6be0a3b",
        "version" : "1.5.2"
      }
    },
    {
      "identity" : "amplitudesessionreplay-ios",
      "kind" : "remoteSourceControl",
      "location" : "https://github.com/amplitude/AmplitudeSessionReplay-iOS.git",
      "state" : {
        "revision" : "9d426b8df10887d44d3b7959a47210cce3d12f2d",
        "version" : "0.12.8"
      }
    },
    {
      "identity" : "amplitudeunified-swift",
      "kind" : "remoteSourceControl",
      "location" : "https://github.com/amplitude/AmplitudeUnified-Swift",
      "state" : {
        "revision" : "a4ece539444213cc76fcac39b72ecc402b386eb6",
        "version" : "0.0.4"
      }
    },
    {
      "identity" : "analytics-connector-ios",
      "kind" : "remoteSourceControl",
      "location" : "https://github.com/amplitude/analytics-connector-ios.git",
      "state" : {
        "revision" : "6d1a5b9666192861342b70ea0b2274180a5e1d4f",
        "version" : "1.3.3"
      }
    },
    {
      "identity" : "analytics-swift",
      "kind" : "remoteSourceControl",
      "location" : "https://github.com/segmentio/analytics-swift",
      "state" : {
        "revision" : "5658b7ff5768083683b83162121bad8b4a4b267f",
        "version" : "1.10.0"
      }
    },
    {
      "identity" : "experiment-ios-client",
      "kind" : "remoteSourceControl",
      "location" : "https://github.com/amplitude/experiment-ios-client.git",
      "state" : {
        "revision" : "09849aed25d7e9fb4099925e07d5b0eb83c60fa8",
        "version" : "1.20.3"
      }
    },
    {
      "identity" : "jsonsafeencoding-swift",
      "kind" : "remoteSourceControl",
      "location" : "https://github.com/segmentio/jsonsafeencoding-swift.git",
      "state" : {
        "revision" : "af6a8b360984085e36c6341b21ecb35c12f47ebd",
        "version" : "2.0.0"
      }
    },
    {
      "identity" : "sovran-swift",
      "kind" : "remoteSourceControl",
      "location" : "https://github.com/segmentio/sovran-swift.git",
      "state" : {
        "revision" : "24867f3e4ac62027db9827112135e6531b6f4051",
        "version" : "1.1.2"
      }
    }
  ],
  "version" : 3
}
